
Microsoft Visual Studio Solution File, Format Version 12.00
# Visual Studio Version 17
VisualStudioVersion = 17.4.33213.308
MinimumVisualStudioVersion = 10.0.40219.1
Project("{FAE04EC0-301F-11D3-BF4B-00C04F79EFBC}") = "WindowsFormsApp1", "WindowsFormsApp1.csproj", "{8F8FB6B8-1C8A-4B01-8030-9063BF0800BB}"
EndProject
Global
	GlobalSection(SolutionConfigurationPlatforms) = preSolution
		Debug|Any CPU = Debug|Any CPU
		Release|Any CPU = Release|Any CPU
	EndGlobalSection
	GlobalSection(ProjectConfigurationPlatforms) = postSolution
		{8F8FB6B8-1C8A-4B01-8030-9063BF0800BB}.Debug|Any CPU.ActiveCfg = Debug|Any CPU
		{8F8FB6B8-1C8A-4B01-8030-9063BF0800BB}.Debug|Any CPU.Build.0 = Debug|Any CPU
		{8F8FB6B8-1C8A-4B01-8030-9063BF0800BB}.Release|Any CPU.ActiveCfg = Release|Any CPU
		{8F8FB6B8-1C8A-4B01-8030-9063BF0800BB}.Release|Any CPU.Build.0 = Release|Any CPU
	EndGlobalSection
	GlobalSection(SolutionProperties) = preSolution
		HideSolutionNode = FALSE
	EndGlobalSection
	GlobalSection(ExtensibilityGlobals) = postSolution
		SolutionGuid = {1BD5F8A4-CACC-4E25-9316-CEE5C0164303}
	EndGlobalSection
EndGlobal
